
Microsoft Visual Studio Solution File, Format Version 12.00
# Visual Studio Version 16
VisualStudioVersion = 16.0.31105.61
MinimumVisualStudioVersion = 10.0.40219.1
Project("{9A19103F-16F7-4668-BE54-9A1E7A4F7556}") = "NI_Fonakolos_játék", "NI_Fonakolos_játék\NI_Fonakolos_játék.csproj", "{4E72580C-5107-45BC-8C98-8A6836F5647C}"
EndProject
Project("{FAE04EC0-301F-11D3-BF4B-00C04F79EFBC}") = "TestProjectAI", "TestProjectAI\TestProjectAI.csproj", "{8214CBF2-B2B9-4EF7-8C3A-886BE5B063E8}"
EndProject
Global
	GlobalSection(SolutionConfigurationPlatforms) = preSolution
		Debug|Any CPU = Debug|Any CPU
		Release|Any CPU = Release|Any CPU
	EndGlobalSection
	GlobalSection(ProjectConfigurationPlatforms) = postSolution
		{4E72580C-5107-45BC-8C98-8A6836F5647C}.Debug|Any CPU.ActiveCfg = Debug|Any CPU
		{4E72580C-5107-45BC-8C98-8A6836F5647C}.Debug|Any CPU.Build.0 = Debug|Any CPU
		{4E72580C-5107-45BC-8C98-8A6836F5647C}.Release|Any CPU.ActiveCfg = Release|Any CPU
		{4E72580C-5107-45BC-8C98-8A6836F5647C}.Release|Any CPU.Build.0 = Release|Any CPU
		{8214CBF2-B2B9-4EF7-8C3A-886BE5B063E8}.Debug|Any CPU.ActiveCfg = Debug|Any CPU
		{8214CBF2-B2B9-4EF7-8C3A-886BE5B063E8}.Debug|Any CPU.Build.0 = Debug|Any CPU
		{8214CBF2-B2B9-4EF7-8C3A-886BE5B063E8}.Release|Any CPU.ActiveCfg = Release|Any CPU
		{8214CBF2-B2B9-4EF7-8C3A-886BE5B063E8}.Release|Any CPU.Build.0 = Release|Any CPU
	EndGlobalSection
	GlobalSection(SolutionProperties) = preSolution
		HideSolutionNode = FALSE
	EndGlobalSection
	GlobalSection(ExtensibilityGlobals) = postSolution
		SolutionGuid = {3707BBC6-A60A-4827-93B2-04C941A72F8C}
	EndGlobalSection
EndGlobal
